// !$*UTF8*$!
{
	archiveVersion = 1;
	classes = {
	};
	objectVersion = 46;
	objects = {

/* Begin PBXBuildFile section */
		32A0A6FED7209FF434815A45 /* Pods_HMCDManager.framework in Frameworks */ = {isa = PBXBuildFile; fileRef = DD4C83A5A8B74C5FA1B81B4F /* Pods_HMCDManager.framework */; };
		664332BA1F8F4098002F7981 /* HMDBManager.swift in Sources */ = {isa = PBXBuildFile; fileRef = 664332B91F8F4098002F7981 /* HMDBManager.swift */; };
		669BC1D71F73979F005B5774 /* AppDelegate.swift in Sources */ = {isa = PBXBuildFile; fileRef = 669BC1D61F73979F005B5774 /* AppDelegate.swift */; };
		669BC1DE1F73979F005B5774 /* Assets.xcassets in Resources */ = {isa = PBXBuildFile; fileRef = 669BC1DD1F73979F005B5774 /* Assets.xcassets */; };
		669BC1E11F73979F005B5774 /* LaunchScreen.storyboard in Resources */ = {isa = PBXBuildFile; fileRef = 669BC1DF1F73979F005B5774 /* LaunchScreen.storyboard */; };
		669BC1E91F7397BA005B5774 /* first.xcdatamodel in Sources */ = {isa = PBXBuildFile; fileRef = 669BC1E81F7397BA005B5774 /* first.xcdatamodel */; };
		669BC1F01F7398EB005B5774 /* DemoTableViewController.swift in Sources */ = {isa = PBXBuildFile; fileRef = 669BC1EF1F7398EB005B5774 /* DemoTableViewController.swift */; };
		669BC1F21F73AB7D005B5774 /* Message.swift in Sources */ = {isa = PBXBuildFile; fileRef = 669BC1F11F73AB7D005B5774 /* Message.swift */; };
		669BC1F51F73BD4C005B5774 /* second.xcdatamodeld in Sources */ = {isa = PBXBuildFile; fileRef = 669BC1F31F73BD4C005B5774 /* second.xcdatamodeld */; };
		669BC1F91F73C5AC005B5774 /* HMCDManager.swift in Sources */ = {isa = PBXBuildFile; fileRef = 669BC1F71F73C5AC005B5774 /* HMCDManager.swift */; };
		669BC1FA1F73C5AC005B5774 /* NSManagedObject+CoreData.swift in Sources */ = {isa = PBXBuildFile; fileRef = 669BC1F81F73C5AC005B5774 /* NSManagedObject+CoreData.swift */; };
		66B860421F750B4F005D1FCE /* third.xcdatamodeld in Sources */ = {isa = PBXBuildFile; fileRef = 66B860401F750B4F005D1FCE /* third.xcdatamodeld */; };
		66CAE2BE1F8F6F5E0002F28A /* NSObject+Properties.swift in Sources */ = {isa = PBXBuildFile; fileRef = 66CAE2BD1F8F6F5E0002F28A /* NSObject+Properties.swift */; };
		66CAE2C01F8F82A90002F28A /* NSObject+HMDB.swift in Sources */ = {isa = PBXBuildFile; fileRef = 66CAE2BF1F8F82A90002F28A /* NSObject+HMDB.swift */; };
		66DF62381F7B3F5E00BDABC9 /* APPInfo.m in Sources */ = {isa = PBXBuildFile; fileRef = 66DF62371F7B3F5E00BDABC9 /* APPInfo.m */; };
		66DF66EF1F7A2D2A00E59892 /* TestViewController.m in Sources */ = {isa = PBXBuildFile; fileRef = 66DF66EE1F7A2D2A00E59892 /* TestViewController.m */; };
/* End PBXBuildFile section */

/* Begin PBXFileReference section */
		664332B91F8F4098002F7981 /* HMDBManager.swift */ = {isa = PBXFileReference; fileEncoding = 4; lastKnownFileType = sourcecode.swift; path = HMDBManager.swift; sourceTree = "<group>"; };
		669BC1D31F73979F005B5774 /* HMCDManager.app */ = {isa = PBXFileReference; explicitFileType = wrapper.application; includeInIndex = 0; path = HMCDManager.app; sourceTree = BUILT_PRODUCTS_DIR; };
		669BC1D61F73979F005B5774 /* AppDelegate.swift */ = {isa = PBXFileReference; lastKnownFileType = sourcecode.swift; path = AppDelegate.swift; sourceTree = "<group>"; };
		669BC1DD1F73979F005B5774 /* Assets.xcassets */ = {isa = PBXFileReference; lastKnownFileType = folder.assetcatalog; path = Assets.xcassets; sourceTree = "<group>"; };
		669BC1E01F73979F005B5774 /* Base */ = {isa = PBXFileReference; lastKnownFileType = file.storyboard; name = Base; path = Base.lproj/LaunchScreen.storyboard; sourceTree = "<group>"; };
		669BC1E21F73979F005B5774 /* Info.plist */ = {isa = PBXFileReference; lastKnownFileType = text.plist.xml; path = Info.plist; sourceTree = "<group>"; };
		669BC1E81F7397BA005B5774 /* first.xcdatamodel */ = {isa = PBXFileReference; lastKnownFileType = wrapper.xcdatamodel; path = first.xcdatamodel; sourceTree = "<group>"; };
		669BC1EF1F7398EB005B5774 /* DemoTableViewController.swift */ = {isa = PBXFileReference; fileEncoding = 4; lastKnownFileType = sourcecode.swift; path = DemoTableViewController.swift; sourceTree = "<group>"; };
		669BC1F11F73AB7D005B5774 /* Message.swift */ = {isa = PBXFileReference; fileEncoding = 4; lastKnownFileType = sourcecode.swift; path = Message.swift; sourceTree = "<group>"; };
		669BC1F41F73BD4C005B5774 /* second.xcdatamodel */ = {isa = PBXFileReference; lastKnownFileType = wrapper.xcdatamodel; path = second.xcdatamodel; sourceTree = "<group>"; };
		669BC1F71F73C5AC005B5774 /* HMCDManager.swift */ = {isa = PBXFileReference; fileEncoding = 4; lastKnownFileType = sourcecode.swift; path = HMCDManager.swift; sourceTree = "<group>"; };
		669BC1F81F73C5AC005B5774 /* NSManagedObject+CoreData.swift */ = {isa = PBXFileReference; fileEncoding = 4; lastKnownFileType = sourcecode.swift; path = "NSManagedObject+CoreData.swift"; sourceTree = "<group>"; };
		66B8603C1F750A8A005D1FCE /* HMCDManager-Bridging-Header.h */ = {isa = PBXFileReference; lastKnownFileType = sourcecode.c.h; path = "HMCDManager-Bridging-Header.h"; sourceTree = "<group>"; };
		66B860411F750B4F005D1FCE /* third.xcdatamodel */ = {isa = PBXFileReference; lastKnownFileType = wrapper.xcdatamodel; path = third.xcdatamodel; sourceTree = "<group>"; };
		66CAE2BD1F8F6F5E0002F28A /* NSObject+Properties.swift */ = {isa = PBXFileReference; fileEncoding = 4; lastKnownFileType = sourcecode.swift; path = "NSObject+Properties.swift"; sourceTree = "<group>"; };
		66CAE2BF1F8F82A90002F28A /* NSObject+HMDB.swift */ = {isa = PBXFileReference; fileEncoding = 4; lastKnownFileType = sourcecode.swift; path = "NSObject+HMDB.swift"; sourceTree = "<group>"; };
		66DF62361F7B3F5E00BDABC9 /* APPInfo.h */ = {isa = PBXFileReference; lastKnownFileType = sourcecode.c.h; path = APPInfo.h; sourceTree = "<group>"; };
		66DF62371F7B3F5E00BDABC9 /* APPInfo.m */ = {isa = PBXFileReference; lastKnownFileType = sourcecode.c.objc; path = APPInfo.m; sourceTree = "<group>"; };
		66DF66ED1F7A2D2A00E59892 /* TestViewController.h */ = {isa = PBXFileReference; lastKnownFileType = sourcecode.c.h; path = TestViewController.h; sourceTree = "<group>"; };
		66DF66EE1F7A2D2A00E59892 /* TestViewController.m */ = {isa = PBXFileReference; lastKnownFileType = sourcecode.c.objc; path = TestViewController.m; sourceTree = "<group>"; };
		87F04A4BCFBCF27BCFA2F82B /* Pods-HMCDManager.debug.xcconfig */ = {isa = PBXFileReference; includeInIndex = 1; lastKnownFileType = text.xcconfig; name = "Pods-HMCDManager.debug.xcconfig"; path = "Pods/Target Support Files/Pods-HMCDManager/Pods-HMCDManager.debug.xcconfig"; sourceTree = "<group>"; };
		9FA97BB86DE9299BDD616699 /* Pods-HMCDManager.release.xcconfig */ = {isa = PBXFileReference; includeInIndex = 1; lastKnownFileType = text.xcconfig; name = "Pods-HMCDManager.release.xcconfig"; path = "Pods/Target Support Files/Pods-HMCDManager/Pods-HMCDManager.release.xcconfig"; sourceTree = "<group>"; };
		DD4C83A5A8B74C5FA1B81B4F /* Pods_HMCDManager.framework */ = {isa = PBXFileReference; explicitFileType = wrapper.framework; includeInIndex = 0; path = Pods_HMCDManager.framework; sourceTree = BUILT_PRODUCTS_DIR; };
/* End PBXFileReference section */

/* Begin PBXFrameworksBuildPhase section */
		669BC1D01F73979F005B5774 /* Frameworks */ = {
			isa = PBXFrameworksBuildPhase;
			buildActionMask = 2147483647;
			files = (
				32A0A6FED7209FF434815A45 /* Pods_HMCDManager.framework in Frameworks */,
			);
			runOnlyForDeploymentPostprocessing = 0;
		};
/* End PBXFrameworksBuildPhase section */

/* Begin PBXGroup section */
		1E04F0667BB79ECA81661E0A /* Pods */ = {
			isa = PBXGroup;
			children = (
				87F04A4BCFBCF27BCFA2F82B /* Pods-HMCDManager.debug.xcconfig */,
				9FA97BB86DE9299BDD616699 /* Pods-HMCDManager.release.xcconfig */,
			);
			name = Pods;
			sourceTree = "<group>";
		};
		669BC1CA1F73979F005B5774 = {
			isa = PBXGroup;
			children = (
				669BC1D51F73979F005B5774 /* HMCDManager */,
				669BC1D41F73979F005B5774 /* Products */,
				1E04F0667BB79ECA81661E0A /* Pods */,
				E0D3ED39B8A375CC9036A825 /* Frameworks */,
			);
			sourceTree = "<group>";
		};
		669BC1D41F73979F005B5774 /* Products */ = {
			isa = PBXGroup;
			children = (
				669BC1D31F73979F005B5774 /* HMCDManager.app */,
			);
			name = Products;
			sourceTree = "<group>";
		};
		669BC1D51F73979F005B5774 /* HMCDManager */ = {
			isa = PBXGroup;
			children = (
				669BC1D61F73979F005B5774 /* AppDelegate.swift */,
				669BC1EF1F7398EB005B5774 /* DemoTableViewController.swift */,
				669BC1F11F73AB7D005B5774 /* Message.swift */,
				66DF66ED1F7A2D2A00E59892 /* TestViewController.h */,
				66DF66EE1F7A2D2A00E59892 /* TestViewController.m */,
				66DF62361F7B3F5E00BDABC9 /* APPInfo.h */,
				66DF62371F7B3F5E00BDABC9 /* APPInfo.m */,
				669BC1F61F73C5AC005B5774 /* Classes */,
				669BC1DD1F73979F005B5774 /* Assets.xcassets */,
				669BC1DF1F73979F005B5774 /* LaunchScreen.storyboard */,
				669BC1E21F73979F005B5774 /* Info.plist */,
				669BC1E81F7397BA005B5774 /* first.xcdatamodel */,
				669BC1F31F73BD4C005B5774 /* second.xcdatamodeld */,
				66B860401F750B4F005D1FCE /* third.xcdatamodeld */,
				66B8603C1F750A8A005D1FCE /* HMCDManager-Bridging-Header.h */,
			);
			path = HMCDManager;
			sourceTree = "<group>";
		};
		669BC1F61F73C5AC005B5774 /* Classes */ = {
			isa = PBXGroup;
			children = (
				669BC1F71F73C5AC005B5774 /* HMCDManager.swift */,
				664332B91F8F4098002F7981 /* HMDBManager.swift */,
				669BC1F81F73C5AC005B5774 /* NSManagedObject+CoreData.swift */,
				66CAE2BD1F8F6F5E0002F28A /* NSObject+Properties.swift */,
				66CAE2BF1F8F82A90002F28A /* NSObject+HMDB.swift */,
			);
			path = Classes;
			sourceTree = "<group>";
		};
		E0D3ED39B8A375CC9036A825 /* Frameworks */ = {
			isa = PBXGroup;
			children = (
				DD4C83A5A8B74C5FA1B81B4F /* Pods_HMCDManager.framework */,
			);
			name = Frameworks;
			sourceTree = "<group>";
		};
/* End PBXGroup section */

/* Begin PBXNativeTarget section */
		669BC1D21F73979F005B5774 /* HMCDManager */ = {
			isa = PBXNativeTarget;
			buildConfigurationList = 669BC1E51F73979F005B5774 /* Build configuration list for PBXNativeTarget "HMCDManager" */;
			buildPhases = (
				34272F6743C0EB0354F7A4AA /* [CP] Check Pods Manifest.lock */,
				669BC1CF1F73979F005B5774 /* Sources */,
				669BC1D01F73979F005B5774 /* Frameworks */,
				669BC1D11F73979F005B5774 /* Resources */,
				A26CF707ADD9FB338B575B61 /* [CP] Embed Pods Frameworks */,
				3B59624F2AD632826D1D2E21 /* [CP] Copy Pods Resources */,
			);
			buildRules = (
			);
			dependencies = (
			);
			name = HMCDManager;
			productName = HMCDManager;
			productReference = 669BC1D31F73979F005B5774 /* HMCDManager.app */;
			productType = "com.apple.product-type.application";
		};
/* End PBXNativeTarget section */

/* Begin PBXProject section */
		669BC1CB1F73979F005B5774 /* Project object */ = {
			isa = PBXProject;
			attributes = {
				LastSwiftUpdateCheck = 0830;
				LastUpgradeCheck = 0900;
				ORGANIZATIONNAME = HuangZhongQing;
				TargetAttributes = {
					669BC1D21F73979F005B5774 = {
						CreatedOnToolsVersion = 8.3.3;
						DevelopmentTeam = F9M2T7SUYF;
						LastSwiftMigration = 0900;
						ProvisioningStyle = Automatic;
						SystemCapabilities = {
							com.apple.Keychain = {
								enabled = 0;
							};
						};
					};
				};
			};
			buildConfigurationList = 669BC1CE1F73979F005B5774 /* Build configuration list for PBXProject "HMCDManager" */;
			compatibilityVersion = "Xcode 3.2";
			developmentRegion = English;
			hasScannedForEncodings = 0;
			knownRegions = (
				en,
				Base,
			);
			mainGroup = 669BC1CA1F73979F005B5774;
			productRefGroup = 669BC1D41F73979F005B5774 /* Products */;
			projectDirPath = "";
			projectRoot = "";
			targets = (
				669BC1D21F73979F005B5774 /* HMCDManager */,
			);
		};
/* End PBXProject section */

/* Begin PBXResourcesBuildPhase section */
		669BC1D11F73979F005B5774 /* Resources */ = {
			isa = PBXResourcesBuildPhase;
			buildActionMask = 2147483647;
			files = (
				669BC1E11F73979F005B5774 /* LaunchScreen.storyboard in Resources */,
				669BC1DE1F73979F005B5774 /* Assets.xcassets in Resources */,
			);
			runOnlyForDeploymentPostprocessing = 0;
		};
/* End PBXResourcesBuildPhase section */

/* Begin PBXShellScriptBuildPhase section */
		34272F6743C0EB0354F7A4AA /* [CP] Check Pods Manifest.lock */ = {
			isa = PBXShellScriptBuildPhase;
			buildActionMask = 2147483647;
			files = (
			);
			inputPaths = (
			);
			name = "[CP] Check Pods Manifest.lock";
			outputPaths = (
			);
			runOnlyForDeploymentPostprocessing = 0;
			shellPath = /bin/sh;
			shellScript = "diff \"${PODS_PODFILE_DIR_PATH}/Podfile.lock\" \"${PODS_ROOT}/Manifest.lock\" > /dev/null\nif [ $? != 0 ] ; then\n    # print error to STDERR\n    echo \"error: The sandbox is not in sync with the Podfile.lock. Run 'pod install' or update your CocoaPods installation.\" >&2\n    exit 1\nfi\n";
			showEnvVarsInLog = 0;
		};
		3B59624F2AD632826D1D2E21 /* [CP] Copy Pods Resources */ = {
			isa = PBXShellScriptBuildPhase;
			buildActionMask = 2147483647;
			files = (
			);
			inputPaths = (
			);
			name = "[CP] Copy Pods Resources";
			outputPaths = (
			);
			runOnlyForDeploymentPostprocessing = 0;
			shellPath = /bin/sh;
			shellScript = "\"${SRCROOT}/Pods/Target Support Files/Pods-HMCDManager/Pods-HMCDManager-resources.sh\"\n";
			showEnvVarsInLog = 0;
		};
		A26CF707ADD9FB338B575B61 /* [CP] Embed Pods Frameworks */ = {
			isa = PBXShellScriptBuildPhase;
			buildActionMask = 2147483647;
			files = (
			);
			inputPaths = (
			);
			name = "[CP] Embed Pods Frameworks";
			outputPaths = (
			);
			runOnlyForDeploymentPostprocessing = 0;
			shellPath = /bin/sh;
			shellScript = "\"${SRCROOT}/Pods/Target Support Files/Pods-HMCDManager/Pods-HMCDManager-frameworks.sh\"\n";
			showEnvVarsInLog = 0;
		};
/* End PBXShellScriptBuildPhase section */

/* Begin PBXSourcesBuildPhase section */
		669BC1CF1F73979F005B5774 /* Sources */ = {
			isa = PBXSourcesBuildPhase;
			buildActionMask = 2147483647;
			files = (
				669BC1FA1F73C5AC005B5774 /* NSManagedObject+CoreData.swift in Sources */,
				66DF62381F7B3F5E00BDABC9 /* APPInfo.m in Sources */,
				66CAE2C01F8F82A90002F28A /* NSObject+HMDB.swift in Sources */,
				669BC1F51F73BD4C005B5774 /* second.xcdatamodeld in Sources */,
				669BC1F01F7398EB005B5774 /* DemoTableViewController.swift in Sources */,
				66DF66EF1F7A2D2A00E59892 /* TestViewController.m in Sources */,
				669BC1F21F73AB7D005B5774 /* Message.swift in Sources */,
				66B860421F750B4F005D1FCE /* third.xcdatamodeld in Sources */,
				669BC1E91F7397BA005B5774 /* first.xcdatamodel in Sources */,
				66CAE2BE1F8F6F5E0002F28A /* NSObject+Properties.swift in Sources */,
				664332BA1F8F4098002F7981 /* HMDBManager.swift in Sources */,
				669BC1D71F73979F005B5774 /* AppDelegate.swift in Sources */,
				669BC1F91F73C5AC005B5774 /* HMCDManager.swift in Sources */,
			);
			runOnlyForDeploymentPostprocessing = 0;
		};
/* End PBXSourcesBuildPhase section */

/* Begin PBXVariantGroup section */
		669BC1DF1F73979F005B5774 /* LaunchScreen.storyboard */ = {
			isa = PBXVariantGroup;
			children = (
				669BC1E01F73979F005B5774 /* Base */,
			);
			name = LaunchScreen.storyboard;
			sourceTree = "<group>";
		};
/* End PBXVariantGroup section */

/* Begin XCBuildConfiguration section */
		669BC1E31F73979F005B5774 /* Debug */ = {
			isa = XCBuildConfiguration;
			buildSettings = {
				ALWAYS_SEARCH_USER_PATHS = NO;
				CLANG_ANALYZER_NONNULL = YES;
				CLANG_ANALYZER_NUMBER_OBJECT_CONVERSION = YES_AGGRESSIVE;
				CLANG_CXX_LANGUAGE_STANDARD = "gnu++0x";
				CLANG_CXX_LIBRARY = "libc++";
				CLANG_ENABLE_MODULES = YES;
				CLANG_ENABLE_OBJC_ARC = YES;
				CLANG_WARN_BLOCK_CAPTURE_AUTORELEASING = YES;
				CLANG_WARN_BOOL_CONVERSION = YES;
				CLANG_WARN_COMMA = YES;
				CLANG_WARN_CONSTANT_CONVERSION = YES;
				CLANG_WARN_DIRECT_OBJC_ISA_USAGE = YES_ERROR;
				CLANG_WARN_DOCUMENTATION_COMMENTS = YES;
				CLANG_WARN_EMPTY_BODY = YES;
				CLANG_WARN_ENUM_CONVERSION = YES;
				CLANG_WARN_INFINITE_RECURSION = YES;
				CLANG_WARN_INT_CONVERSION = YES;
				CLANG_WARN_NON_LITERAL_NULL_CONVERSION = YES;
				CLANG_WARN_OBJC_LITERAL_CONVERSION = YES;
				CLANG_WARN_OBJC_ROOT_CLASS = YES_ERROR;
				CLANG_WARN_RANGE_LOOP_ANALYSIS = YES;
				CLANG_WARN_STRICT_PROTOTYPES = YES;
				CLANG_WARN_SUSPICIOUS_MOVE = YES;
				CLANG_WARN_UNREACHABLE_CODE = YES;
				CLANG_WARN__DUPLICATE_METHOD_MATCH = YES;
				"CODE_SIGN_IDENTITY[sdk=iphoneos*]" = "iPhone Developer";
				COPY_PHASE_STRIP = NO;
				DEBUG_INFORMATION_FORMAT = dwarf;
				ENABLE_STRICT_OBJC_MSGSEND = YES;
				ENABLE_TESTABILITY = YES;
				GCC_C_LANGUAGE_STANDARD = gnu99;
				GCC_DYNAMIC_NO_PIC = NO;
				GCC_NO_COMMON_BLOCKS = YES;
				GCC_OPTIMIZATION_LEVEL = 0;
				GCC_PREPROCESSOR_DEFINITIONS = (
					"DEBUG=1",
					"$(inherited)",
				);
				GCC_WARN_64_TO_32_BIT_CONVERSION = YES;
				GCC_WARN_ABOUT_RETURN_TYPE = YES_ERROR;
				GCC_WARN_UNDECLARED_SELECTOR = YES;
				GCC_WARN_UNINITIALIZED_AUTOS = YES_AGGRESSIVE;
				GCC_WARN_UNUSED_FUNCTION = YES;
				GCC_WARN_UNUSED_VARIABLE = YES;
				IPHONEOS_DEPLOYMENT_TARGET = 10.3;
				MTL_ENABLE_DEBUG_INFO = YES;
				ONLY_ACTIVE_ARCH = YES;
				SDKROOT = iphoneos;
				SWIFT_ACTIVE_COMPILATION_CONDITIONS = DEBUG;
				SWIFT_OPTIMIZATION_LEVEL = "-Onone";
				TARGETED_DEVICE_FAMILY = "1,2";
			};
			name = Debug;
		};
		669BC1E41F73979F005B5774 /* Release */ = {
			isa = XCBuildConfiguration;
			buildSettings = {
				ALWAYS_SEARCH_USER_PATHS = NO;
				CLANG_ANALYZER_NONNULL = YES;
				CLANG_ANALYZER_NUMBER_OBJECT_CONVERSION = YES_AGGRESSIVE;
				CLANG_CXX_LANGUAGE_STANDARD = "gnu++0x";
				CLANG_CXX_LIBRARY = "libc++";
				CLANG_ENABLE_MODULES = YES;
				CLANG_ENABLE_OBJC_ARC = YES;
				CLANG_WARN_BLOCK_CAPTURE_AUTORELEASING = YES;
				CLANG_WARN_BOOL_CONVERSION = YES;
				CLANG_WARN_COMMA = YES;
				CLANG_WARN_CONSTANT_CONVERSION = YES;
				CLANG_WARN_DIRECT_OBJC_ISA_USAGE = YES_ERROR;
				CLANG_WARN_DOCUMENTATION_COMMENTS = YES;
				CLANG_WARN_EMPTY_BODY = YES;
				CLANG_WARN_ENUM_CONVERSION = YES;
				CLANG_WARN_INFINITE_RECURSION = YES;
				CLANG_WARN_INT_CONVERSION = YES;
				CLANG_WARN_NON_LITERAL_NULL_CONVERSION = YES;
				CLANG_WARN_OBJC_LITERAL_CONVERSION = YES;
				CLANG_WARN_OBJC_ROOT_CLASS = YES_ERROR;
				CLANG_WARN_RANGE_LOOP_ANALYSIS = YES;
				CLANG_WARN_STRICT_PROTOTYPES = YES;
				CLANG_WARN_SUSPICIOUS_MOVE = YES;
				CLANG_WARN_UNREACHABLE_CODE = YES;
				CLANG_WARN__DUPLICATE_METHOD_MATCH = YES;
				"CODE_SIGN_IDENTITY[sdk=iphoneos*]" = "iPhone Developer";
				COPY_PHASE_STRIP = NO;
				DEBUG_INFORMATION_FORMAT = "dwarf-with-dsym";
				ENABLE_NS_ASSERTIONS = NO;
				ENABLE_STRICT_OBJC_MSGSEND = YES;
				GCC_C_LANGUAGE_STANDARD = gnu99;
				GCC_NO_COMMON_BLOCKS = YES;
				GCC_WARN_64_TO_32_BIT_CONVERSION = YES;
				GCC_WARN_ABOUT_RETURN_TYPE = YES_ERROR;
				GCC_WARN_UNDECLARED_SELECTOR = YES;
				GCC_WARN_UNINITIALIZED_AUTOS = YES_AGGRESSIVE;
				GCC_WARN_UNUSED_FUNCTION = YES;
				GCC_WARN_UNUSED_VARIABLE = YES;
				IPHONEOS_DEPLOYMENT_TARGET = 10.3;
				MTL_ENABLE_DEBUG_INFO = NO;
				SDKROOT = iphoneos;
				SWIFT_OPTIMIZATION_LEVEL = "-Owholemodule";
				TARGETED_DEVICE_FAMILY = "1,2";
				VALIDATE_PRODUCT = YES;
			};
			name = Release;
		};
		669BC1E61F73979F005B5774 /* Debug */ = {
			isa = XCBuildConfiguration;
			baseConfigurationReference = 87F04A4BCFBCF27BCFA2F82B /* Pods-HMCDManager.debug.xcconfig */;
			buildSettings = {
				ASSETCATALOG_COMPILER_APPICON_NAME = AppIcon;
				CLANG_ENABLE_MODULES = YES;
				DEVELOPMENT_TEAM = F9M2T7SUYF;
				INFOPLIST_FILE = HMCDManager/Info.plist;
				IPHONEOS_DEPLOYMENT_TARGET = 8.0;
				LD_RUNPATH_SEARCH_PATHS = "$(inherited) @executable_path/Frameworks";
				OTHER_LDFLAGS = (
					"$(inherited)",
					"-ObjC",
				);
				PRODUCT_BUNDLE_IDENTIFIER = fulladvantage.linking.HMCDManager;
				PRODUCT_NAME = "$(TARGET_NAME)";
				SWIFT_OBJC_BRIDGING_HEADER = "HMCDManager/HMCDManager-Bridging-Header.h";
				SWIFT_OPTIMIZATION_LEVEL = "-Onone";
				SWIFT_VERSION = 3.0;
			};
			name = Debug;
		};
		669BC1E71F73979F005B5774 /* Release */ = {
			isa = XCBuildConfiguration;
			baseConfigurationReference = 9FA97BB86DE9299BDD616699 /* Pods-HMCDManager.release.xcconfig */;
			buildSettings = {
				ASSETCATALOG_COMPILER_APPICON_NAME = AppIcon;
				CLANG_ENABLE_MODULES = YES;
				DEVELOPMENT_TEAM = F9M2T7SUYF;
				INFOPLIST_FILE = HMCDManager/Info.plist;
				IPHONEOS_DEPLOYMENT_TARGET = 8.0;
				LD_RUNPATH_SEARCH_PATHS = "$(inherited) @executable_path/Frameworks";
				OTHER_LDFLAGS = (
					"$(inherited)",
					"-ObjC",
				);
				PRODUCT_BUNDLE_IDENTIFIER = fulladvantage.linking.HMCDManager;
				PRODUCT_NAME = "$(TARGET_NAME)";
				SWIFT_OBJC_BRIDGING_HEADER = "HMCDManager/HMCDManager-Bridging-Header.h";
				SWIFT_VERSION = 3.0;
			};
			name = Release;
		};
/* End XCBuildConfiguration section */

/* Begin XCConfigurationList section */
		669BC1CE1F73979F005B5774 /* Build configuration list for PBXProject "HMCDManager" */ = {
			isa = XCConfigurationList;
			buildConfigurations = (
				669BC1E31F73979F005B5774 /* Debug */,
				669BC1E41F73979F005B5774 /* Release */,
			);
			defaultConfigurationIsVisible = 0;
			defaultConfigurationName = Release;
		};
		669BC1E51F73979F005B5774 /* Build configuration list for PBXNativeTarget "HMCDManager" */ = {
			isa = XCConfigurationList;
			buildConfigurations = (
				669BC1E61F73979F005B5774 /* Debug */,
				669BC1E71F73979F005B5774 /* Release */,
			);
			defaultConfigurationIsVisible = 0;
			defaultConfigurationName = Release;
		};
/* End XCConfigurationList section */

/* Begin XCVersionGroup section */
		669BC1F31F73BD4C005B5774 /* second.xcdatamodeld */ = {
			isa = XCVersionGroup;
			children = (
				669BC1F41F73BD4C005B5774 /* second.xcdatamodel */,
			);
			currentVersion = 669BC1F41F73BD4C005B5774 /* second.xcdatamodel */;
			path = second.xcdatamodeld;
			sourceTree = "<group>";
			versionGroupType = wrapper.xcdatamodel;
		};
		66B860401F750B4F005D1FCE /* third.xcdatamodeld */ = {
			isa = XCVersionGroup;
			children = (
				66B860411F750B4F005D1FCE /* third.xcdatamodel */,
			);
			currentVersion = 66B860411F750B4F005D1FCE /* third.xcdatamodel */;
			path = third.xcdatamodeld;
			sourceTree = "<group>";
			versionGroupType = wrapper.xcdatamodel;
		};
/* End XCVersionGroup section */
	};
	rootObject = 669BC1CB1F73979F005B5774 /* Project object */;
}
